
Microsoft Visual Studio Solution File, Format Version 12.00
# Visual Studio 15
VisualStudioVersion = 15.0.27703.2000
MinimumVisualStudioVersion = 10.0.40219.1
Project("{FAE04EC0-301F-11D3-BF4B-00C04F79EFBC}") = "EntityFrameworkCoreTutorial", "EntityFrameworkCoreTutorial\EntityFrameworkCoreTutorial.csproj", "{975ED02B-8579-4DC2-9A27-9D5A796E006B}"
EndProject
Project("{FAE04EC0-301F-11D3-BF4B-00C04F79EFBC}") = "Persistence.Database", "Persistence.Database\Persistence.Database.csproj", "{9EE70F32-739F-4BC3-BB6E-C29F80B51456}"
EndProject
Project("{FAE04EC0-301F-11D3-BF4B-00C04F79EFBC}") = "Services", "Services\Services.csproj", "{6B6C3E6A-E584-4062-A98F-7F45F8D87E5F}"
EndProject
Global
	GlobalSection(SolutionConfigurationPlatforms) = preSolution
		Debug|Any CPU = Debug|Any CPU
		Release|Any CPU = Release|Any CPU
	EndGlobalSection
	GlobalSection(ProjectConfigurationPlatforms) = postSolution
		{975ED02B-8579-4DC2-9A27-9D5A796E006B}.Debug|Any CPU.ActiveCfg = Debug|Any CPU
		{975ED02B-8579-4DC2-9A27-9D5A796E006B}.Debug|Any CPU.Build.0 = Debug|Any CPU
		{975ED02B-8579-4DC2-9A27-9D5A796E006B}.Release|Any CPU.ActiveCfg = Release|Any CPU
		{975ED02B-8579-4DC2-9A27-9D5A796E006B}.Release|Any CPU.Build.0 = Release|Any CPU
		{9EE70F32-739F-4BC3-BB6E-C29F80B51456}.Debug|Any CPU.ActiveCfg = Debug|Any CPU
		{9EE70F32-739F-4BC3-BB6E-C29F80B51456}.Debug|Any CPU.Build.0 = Debug|Any CPU
		{9EE70F32-739F-4BC3-BB6E-C29F80B51456}.Release|Any CPU.ActiveCfg = Release|Any CPU
		{9EE70F32-739F-4BC3-BB6E-C29F80B51456}.Release|Any CPU.Build.0 = Release|Any CPU
		{6B6C3E6A-E584-4062-A98F-7F45F8D87E5F}.Debug|Any CPU.ActiveCfg = Debug|Any CPU
		{6B6C3E6A-E584-4062-A98F-7F45F8D87E5F}.Debug|Any CPU.Build.0 = Debug|Any CPU
		{6B6C3E6A-E584-4062-A98F-7F45F8D87E5F}.Release|Any CPU.ActiveCfg = Release|Any CPU
		{6B6C3E6A-E584-4062-A98F-7F45F8D87E5F}.Release|Any CPU.Build.0 = Release|Any CPU
	EndGlobalSection
	GlobalSection(SolutionProperties) = preSolution
		HideSolutionNode = FALSE
	EndGlobalSection
	GlobalSection(ExtensibilityGlobals) = postSolution
		SolutionGuid = {C1872F7E-BDB7-485F-9B10-CD513BACFBF3}
	EndGlobalSection
EndGlobal
